{
  "version": 4,
  "terraform_version": "1.3.4",
  "serial": 78,
  "lineage": "fea352b0-897c-8660-9b2a-dc2cd1e63fdf",
  "outputs": {},
  "resources": [
    {
      "mode": "data",
      "type": "archive_file",
      "name": "lambda-archive",
      "provider": "provider[\"registry.terraform.io/hashicorp/archive\"]",
      "instances": [
        {
          "schema_version": 0,
          "attributes": {
            "excludes": null,
            "id": "7c38e76942fa06a0c9c02dbbf9e6f7f882c96d37",
            "output_base64sha256": "g2BmazX8/HfeH0CqJIzOGy+iKup8liBj+RjKmmZf6KU=",
            "output_file_mode": null,
            "output_md5": "90ed8528230b61cbf3aab7a36472996a",
            "output_path": "output/lambda-function.zip",
            "output_sha": "7c38e76942fa06a0c9c02dbbf9e6f7f882c96d37",
            "output_size": 696,
            "source": [],
            "source_content": null,
            "source_content_filename": null,
            "source_dir": null,
            "source_file": "lambda-function.js",
            "type": "zip"
          },
          "sensitive_attributes": []
        }
      ]
    },
    {
      "mode": "managed",
      "type": "aws_api_gateway_deployment",
      "name": "deploymnt-prod",
      "provider": "provider[\"registry.terraform.io/hashicorp/aws\"]",
      "instances": [
        {
          "schema_version": 0,
          "attributes": {
            "created_date": "2022-11-15T17:32:40Z",
            "description": "",
            "execution_arn": "arn:aws:execute-api:me-central-1:271896327221:oi81ficcig/prod",
            "id": "hx9fxe",
            "invoke_url": "https://oi81ficcig.execute-api.me-central-1.amazonaws.com/prod",
            "rest_api_id": "oi81ficcig",
            "stage_description": null,
            "stage_name": "prod",
            "triggers": null,
            "variables": null
          },
          "sensitive_attributes": [],
          "private": "bnVsbA==",
          "dependencies": [
            "aws_api_gateway_integration.lambda",
            "aws_api_gateway_method.proxy",
            "aws_api_gateway_resource.proxy",
            "aws_api_gateway_rest_api.test-rest-api",
            "aws_iam_role.test-lambda-role",
            "aws_lambda_function.resume-lambda-function"
          ]
        }
      ]
    },
    {
      "mode": "managed",
      "type": "aws_api_gateway_integration",
      "name": "lambda",
      "provider": "provider[\"registry.terraform.io/hashicorp/aws\"]",
      "instances": [
        {
          "schema_version": 0,
          "attributes": {
            "cache_key_parameters": [],
            "cache_namespace": "340u9e",
            "connection_id": "",
            "connection_type": "INTERNET",
            "content_handling": "",
            "credentials": "",
            "http_method": "POST",
            "id": "agi-oi81ficcig-340u9e-POST",
            "integration_http_method": "POST",
            "passthrough_behavior": "WHEN_NO_MATCH",
            "request_parameters": {},
            "request_templates": {},
            "resource_id": "340u9e",
            "rest_api_id": "oi81ficcig",
            "timeout_milliseconds": 29000,
            "tls_config": [],
            "type": "AWS_PROXY",
            "uri": "arn:aws:apigateway:me-central-1:lambda:path/2015-03-31/functions/arn:aws:lambda:me-central-1:271896327221:function:resume-lambda-function/invocations"
          },
          "sensitive_attributes": [],
          "private": "bnVsbA==",
          "dependencies": [
            "aws_api_gateway_method.proxy",
            "aws_api_gateway_resource.proxy",
            "aws_api_gateway_rest_api.test-rest-api",
            "aws_iam_role.test-lambda-role",
            "aws_lambda_function.resume-lambda-function"
          ]
        }
      ]
    },
    {
      "mode": "managed",
      "type": "aws_api_gateway_method",
      "name": "proxy",
      "provider": "provider[\"registry.terraform.io/hashicorp/aws\"]",
      "instances": [
        {
          "schema_version": 0,
          "attributes": {
            "api_key_required": false,
            "authorization": "NONE",
            "authorization_scopes": [],
            "authorizer_id": "",
            "http_method": "POST",
            "id": "agm-oi81ficcig-340u9e-POST",
            "operation_name": "",
            "request_models": {},
            "request_parameters": {},
            "request_validator_id": "",
            "resource_id": "340u9e",
            "rest_api_id": "oi81ficcig"
          },
          "sensitive_attributes": [],
          "private": "bnVsbA==",
          "dependencies": [
            "aws_api_gateway_resource.proxy",
            "aws_api_gateway_rest_api.test-rest-api"
          ]
        }
      ]
    },
    {
      "mode": "managed",
      "type": "aws_api_gateway_resource",
      "name": "proxy",
      "provider": "provider[\"registry.terraform.io/hashicorp/aws\"]",
      "instances": [
        {
          "schema_version": 0,
          "attributes": {
            "id": "340u9e",
            "parent_id": "5lcb4dmna0",
            "path": "/{proxy+}",
            "path_part": "{proxy+}",
            "rest_api_id": "oi81ficcig"
          },
          "sensitive_attributes": [],
          "private": "bnVsbA==",
          "dependencies": [
            "aws_api_gateway_rest_api.test-rest-api"
          ]
        }
      ]
    },
    {
      "mode": "managed",
      "type": "aws_api_gateway_rest_api",
      "name": "test-rest-api",
      "provider": "provider[\"registry.terraform.io/hashicorp/aws\"]",
      "instances": [
        {
          "schema_version": 0,
          "attributes": {
            "api_key_source": "HEADER",
            "arn": "arn:aws:apigateway:me-central-1::/restapis/oi81ficcig",
            "binary_media_types": [],
            "body": null,
            "created_date": "2022-11-15T17:32:38Z",
            "description": "",
            "disable_execute_api_endpoint": false,
            "endpoint_configuration": [
              {
                "types": [
                  "EDGE"
                ],
                "vpc_endpoint_ids": []
              }
            ],
            "execution_arn": "arn:aws:execute-api:me-central-1:271896327221:oi81ficcig",
            "id": "oi81ficcig",
            "minimum_compression_size": -1,
            "name": "resumeAPI-2.0",
            "parameters": null,
            "policy": "",
            "put_rest_api_mode": null,
            "root_resource_id": "5lcb4dmna0",
            "tags": {},
            "tags_all": {}
          },
          "sensitive_attributes": [],
          "private": "bnVsbA=="
        }
      ]
    },
    {
      "mode": "managed",
      "type": "aws_dynamodb_table",
      "name": "test-ddb-table",
      "provider": "provider[\"registry.terraform.io/hashicorp/aws\"]",
      "instances": [
        {
          "schema_version": 1,
          "attributes": {
            "arn": "arn:aws:dynamodb:me-central-1:271896327221:table/visitor-counter-table-2.0",
            "attribute": [
              {
                "name": "visitor-counter",
                "type": "S"
              }
            ],
            "billing_mode": "PROVISIONED",
            "global_secondary_index": [],
            "hash_key": "visitor-counter",
            "id": "visitor-counter-table-2.0",
            "local_secondary_index": [],
            "name": "visitor-counter-table-2.0",
            "point_in_time_recovery": [
              {
                "enabled": false
              }
            ],
            "range_key": null,
            "read_capacity": 5,
            "replica": [],
            "restore_date_time": null,
            "restore_source_name": null,
            "restore_to_latest_time": null,
            "server_side_encryption": [],
            "stream_arn": "",
            "stream_enabled": false,
            "stream_label": "",
            "stream_view_type": "",
            "table_class": "",
            "tags": {},
            "tags_all": {},
            "timeouts": null,
            "ttl": [
              {
                "attribute_name": "",
                "enabled": false
              }
            ],
            "write_capacity": 5
          },
          "sensitive_attributes": [],
          "private": "eyJlMmJmYjczMC1lY2FhLTExZTYtOGY4OC0zNDM2M2JjN2M0YzAiOnsiY3JlYXRlIjoxODAwMDAwMDAwMDAwLCJkZWxldGUiOjYwMDAwMDAwMDAwMCwidXBkYXRlIjozNjAwMDAwMDAwMDAwfSwic2NoZW1hX3ZlcnNpb24iOiIxIn0="
        }
      ]
    },
    {
      "mode": "managed",
      "type": "aws_dynamodb_table_item",
      "name": "test-ddb-item",
      "provider": "provider[\"registry.terraform.io/hashicorp/aws\"]",
      "instances": [
        {
          "schema_version": 0,
          "attributes": {
            "hash_key": "visitor-counter",
            "id": "visitor-counter-table-2.0|visitor-counter||resume-counter|",
            "item": "{\r\n\"visitor-counter\" : {\"S\": \"resume-counter\"},\r\n\"number\" : {\"N\" : \"0\"}\r\n}\r\n",
            "range_key": null,
            "table_name": "visitor-counter-table-2.0"
          },
          "sensitive_attributes": [],
          "private": "bnVsbA==",
          "dependencies": [
            "aws_dynamodb_table.test-ddb-table"
          ]
        }
      ]
    },
    {
      "mode": "managed",
      "type": "aws_iam_role",
      "name": "test-lambda-role",
      "provider": "provider[\"registry.terraform.io/hashicorp/aws\"]",
      "instances": [
        {
          "schema_version": 0,
          "attributes": {
            "arn": "arn:aws:iam::271896327221:role/test-lambda-role",
            "assume_role_policy": "{\"Statement\":[{\"Action\":\"sts:AssumeRole\",\"Effect\":\"Allow\",\"Principal\":{\"Service\":\"lambda.amazonaws.com\"},\"Sid\":\"\"}],\"Version\":\"2012-10-17\"}",
            "create_date": "2022-11-14T11:19:09Z",
            "description": "",
            "force_detach_policies": false,
            "id": "test-lambda-role",
            "inline_policy": [
              {
                "name": "test-lambda-ddb-access",
                "policy": "{\"Statement\":[{\"Action\":[\"dynamodb:GetShardIterator\",\"dynamodb:DescribeStream\",\"dynamodb:GetRecords\"],\"Effect\":\"Allow\",\"Resource\":\"arn:aws:dynamodb:*:*:table/*/stream/*\",\"Sid\":\"VisualEditor0\"},{\"Action\":[\"lambda:InvokeFunction\",\"dynamodb:GetItem\",\"dynamodb:UpdateItem\"],\"Effect\":\"Allow\",\"Resource\":\"*\",\"Sid\":\"VisualEditor1\"},{\"Action\":[\"logs:CreateLogStream\",\"dynamodb:PutItem\",\"logs:CreateLogGroup\",\"logs:PutLogEvents\"],\"Effect\":\"Allow\",\"Resource\":[\"arn:aws:dynamodb:*:*:table/*\",\"arn:aws:logs:*:*:*\"],\"Sid\":\"VisualEditor2\"},{\"Action\":\"dynamodb:ListStreams\",\"Effect\":\"Allow\",\"Resource\":\"arn:aws:dynamodb:*:*:table/*/stream/*\",\"Sid\":\"VisualEditor3\"}],\"Version\":\"2012-10-17\"}"
              }
            ],
            "managed_policy_arns": [],
            "max_session_duration": 3600,
            "name": "test-lambda-role",
            "name_prefix": "",
            "path": "/",
            "permissions_boundary": null,
            "tags": {},
            "tags_all": {},
            "unique_id": "AROAT6TSIWQ2WPR727JYL"
          },
          "sensitive_attributes": [],
          "private": "bnVsbA=="
        }
      ]
    },
    {
      "mode": "managed",
      "type": "aws_iam_role_policy",
      "name": "test-lambda-ddb-access",
      "provider": "provider[\"registry.terraform.io/hashicorp/aws\"]",
      "instances": [
        {
          "schema_version": 0,
          "attributes": {
            "id": "test-lambda-role:test-lambda-ddb-access",
            "name": "test-lambda-ddb-access",
            "name_prefix": null,
            "policy": "{\"Statement\":[{\"Action\":[\"dynamodb:GetShardIterator\",\"dynamodb:DescribeStream\",\"dynamodb:GetRecords\"],\"Effect\":\"Allow\",\"Resource\":\"arn:aws:dynamodb:*:*:table/*/stream/*\",\"Sid\":\"VisualEditor0\"},{\"Action\":[\"lambda:InvokeFunction\",\"dynamodb:GetItem\",\"dynamodb:UpdateItem\"],\"Effect\":\"Allow\",\"Resource\":\"*\",\"Sid\":\"VisualEditor1\"},{\"Action\":[\"logs:CreateLogStream\",\"dynamodb:PutItem\",\"logs:CreateLogGroup\",\"logs:PutLogEvents\"],\"Effect\":\"Allow\",\"Resource\":[\"arn:aws:dynamodb:*:*:table/*\",\"arn:aws:logs:*:*:*\"],\"Sid\":\"VisualEditor2\"},{\"Action\":\"dynamodb:ListStreams\",\"Effect\":\"Allow\",\"Resource\":\"arn:aws:dynamodb:*:*:table/*/stream/*\",\"Sid\":\"VisualEditor3\"}],\"Version\":\"2012-10-17\"}",
            "role": "test-lambda-role"
          },
          "sensitive_attributes": [],
          "private": "bnVsbA==",
          "dependencies": [
            "aws_iam_role.test-lambda-role"
          ]
        }
      ]
    },
    {
      "mode": "managed",
      "type": "aws_lambda_function",
      "name": "resume-lambda-function",
      "provider": "provider[\"registry.terraform.io/hashicorp/aws\"]",
      "instances": [
        {
          "schema_version": 0,
          "attributes": {
            "architectures": [],
            "arn": "arn:aws:lambda:me-central-1:271896327221:function:resume-lambda-function",
            "code_signing_config_arn": null,
            "dead_letter_config": [],
            "description": "",
            "environment": [],
            "ephemeral_storage": [],
            "file_system_config": [],
            "filename": "output/lambda-function.zip",
            "function_name": "resume-lambda-function",
            "handler": "lambda-function.handler",
            "id": "resume-lambda-function",
            "image_config": [],
            "image_uri": "",
            "invoke_arn": "arn:aws:apigateway:me-central-1:lambda:path/2015-03-31/functions/arn:aws:lambda:me-central-1:271896327221:function:resume-lambda-function/invocations",
            "kms_key_arn": "",
            "last_modified": "2022-11-16T17:19:49.000+0000",
            "layers": [],
            "memory_size": 128,
            "package_type": "Zip",
            "publish": false,
            "qualified_arn": "arn:aws:lambda:me-central-1:271896327221:function:resume-lambda-function:$LATEST",
            "qualified_invoke_arn": "arn:aws:apigateway:me-central-1:lambda:path/2015-03-31/functions/arn:aws:lambda:me-central-1:271896327221:function:resume-lambda-function:$LATEST/invocations",
            "reserved_concurrent_executions": -1,
            "role": "arn:aws:iam::271896327221:role/test-lambda-role",
            "runtime": "nodejs16.x",
            "s3_bucket": null,
            "s3_key": null,
            "s3_object_version": null,
            "signing_job_arn": "",
            "signing_profile_version_arn": "",
            "source_code_hash": "Y7U78PIfLLvM8VKbZv6ViOsPp6HceT9AtYKoEYrIgys=",
            "source_code_size": 664,
            "tags": {},
            "tags_all": {},
            "timeout": 3,
            "timeouts": null,
            "tracing_config": [
              {
                "mode": "PassThrough"
              }
            ],
            "version": "$LATEST",
            "vpc_config": []
          },
          "sensitive_attributes": [],
          "private": "eyJlMmJmYjczMC1lY2FhLTExZTYtOGY4OC0zNDM2M2JjN2M0YzAiOnsiY3JlYXRlIjo2MDAwMDAwMDAwMDB9fQ==",
          "dependencies": [
            "aws_iam_role.test-lambda-role"
          ]
        }
      ]
    },
    {
      "mode": "managed",
      "type": "aws_lambda_permission",
      "name": "allow_api_gateway",
      "provider": "provider[\"registry.terraform.io/hashicorp/aws\"]",
      "instances": [
        {
          "schema_version": 0,
          "attributes": {
            "action": "lambda:InvokeFunction",
            "event_source_token": null,
            "function_name": "resume-lambda-function",
            "function_url_auth_type": null,
            "id": "terraform-20221115144222553500000001",
            "principal": "apigateway.amazonaws.com",
            "principal_org_id": null,
            "qualifier": "",
            "source_account": null,
            "source_arn": null,
            "statement_id": "terraform-20221115144222553500000001",
            "statement_id_prefix": "terraform-"
          },
          "sensitive_attributes": [],
          "private": "bnVsbA==",
          "dependencies": [
            "aws_iam_role.test-lambda-role",
            "aws_lambda_function.resume-lambda-function"
          ]
        }
      ]
    },
    {
      "module": "module.cors",
      "mode": "managed",
      "type": "aws_api_gateway_integration",
      "name": "_",
      "provider": "provider[\"registry.terraform.io/hashicorp/aws\"]",
      "instances": [
        {
          "schema_version": 0,
          "attributes": {
            "cache_key_parameters": null,
            "cache_namespace": "340u9e",
            "connection_id": "",
            "connection_type": "INTERNET",
            "content_handling": "CONVERT_TO_TEXT",
            "credentials": "",
            "http_method": "OPTIONS",
            "id": "agi-oi81ficcig-340u9e-OPTIONS",
            "integration_http_method": "",
            "passthrough_behavior": "WHEN_NO_MATCH",
            "request_parameters": null,
            "request_templates": {
              "application/json": "{ \"statusCode\": 200 }"
            },
            "resource_id": "340u9e",
            "rest_api_id": "oi81ficcig",
            "timeout_milliseconds": 29000,
            "tls_config": [],
            "type": "MOCK",
            "uri": ""
          },
          "sensitive_attributes": [],
          "private": "bnVsbA==",
          "dependencies": [
            "aws_api_gateway_resource.proxy",
            "aws_api_gateway_rest_api.test-rest-api",
            "module.cors.aws_api_gateway_method._"
          ]
        }
      ]
    },
    {
      "module": "module.cors",
      "mode": "managed",
      "type": "aws_api_gateway_integration_response",
      "name": "_",
      "provider": "provider[\"registry.terraform.io/hashicorp/aws\"]",
      "instances": [
        {
          "schema_version": 0,
          "attributes": {
            "content_handling": "",
            "http_method": "OPTIONS",
            "id": "agir-oi81ficcig-340u9e-OPTIONS-200",
            "resource_id": "340u9e",
            "response_parameters": {
              "method.response.header.Access-Control-Allow-Headers": "'Authorization,Content-Type,X-Amz-Date,X-Amz-Security-Token,X-Api-Key'",
              "method.response.header.Access-Control-Allow-Methods": "'OPTIONS,POST'",
              "method.response.header.Access-Control-Allow-Origin": "'*'",
              "method.response.header.Access-Control-Max-Age": "'7200'"
            },
            "response_templates": null,
            "rest_api_id": "oi81ficcig",
            "selection_pattern": "",
            "status_code": "200"
          },
          "sensitive_attributes": [],
          "private": "bnVsbA==",
          "dependencies": [
            "aws_api_gateway_resource.proxy",
            "aws_api_gateway_rest_api.test-rest-api",
            "module.cors.aws_api_gateway_integration._",
            "module.cors.aws_api_gateway_method._",
            "module.cors.aws_api_gateway_method_response._"
          ]
        }
      ]
    },
    {
      "module": "module.cors",
      "mode": "managed",
      "type": "aws_api_gateway_method",
      "name": "_",
      "provider": "provider[\"registry.terraform.io/hashicorp/aws\"]",
      "instances": [
        {
          "schema_version": 0,
          "attributes": {
            "api_key_required": false,
            "authorization": "NONE",
            "authorization_scopes": null,
            "authorizer_id": null,
            "http_method": "OPTIONS",
            "id": "agm-oi81ficcig-340u9e-OPTIONS",
            "operation_name": null,
            "request_models": null,
            "request_parameters": null,
            "request_validator_id": null,
            "resource_id": "340u9e",
            "rest_api_id": "oi81ficcig"
          },
          "sensitive_attributes": [],
          "private": "bnVsbA==",
          "dependencies": [
            "aws_api_gateway_resource.proxy",
            "aws_api_gateway_rest_api.test-rest-api"
          ]
        }
      ]
    },
    {
      "module": "module.cors",
      "mode": "managed",
      "type": "aws_api_gateway_method_response",
      "name": "_",
      "provider": "provider[\"registry.terraform.io/hashicorp/aws\"]",
      "instances": [
        {
          "schema_version": 0,
          "attributes": {
            "http_method": "OPTIONS",
            "id": "agmr-oi81ficcig-340u9e-OPTIONS-200",
            "resource_id": "340u9e",
            "response_models": {
              "application/json": "Empty"
            },
            "response_parameters": {
              "method.response.header.Access-Control-Allow-Headers": true,
              "method.response.header.Access-Control-Allow-Methods": true,
              "method.response.header.Access-Control-Allow-Origin": true,
              "method.response.header.Access-Control-Max-Age": true
            },
            "rest_api_id": "oi81ficcig",
            "status_code": "200"
          },
          "sensitive_attributes": [],
          "private": "bnVsbA==",
          "dependencies": [
            "aws_api_gateway_resource.proxy",
            "aws_api_gateway_rest_api.test-rest-api",
            "module.cors.aws_api_gateway_method._"
          ]
        }
      ]
    }
  ],
  "check_results": null
}
